// !$*UTF8*$!
{
	archiveVersion = 1;
	classes = {
	};
	objectVersion = 77;
	objects = {

/* Begin PBXContainerItemProxy section */
		CFB1CF8F2EB4DC3D00BBDA44 /* PBXContainerItemProxy */ = {
			isa = PBXContainerItemProxy;
			containerPortal = CFB1CF702EB4DC3C00BBDA44 /* Project object */;
			proxyType = 1;
			remoteGlobalIDString = CFB1CF772EB4DC3C00BBDA44;
			remoteInfo = RandomizerApp;
		};
		CFB1CF992EB4DC3D00BBDA44 /* PBXContainerItemProxy */ = {
			isa = PBXContainerItemProxy;
			containerPortal = CFB1CF702EB4DC3C00BBDA44 /* Project object */;
			proxyType = 1;
			remoteGlobalIDString = CFB1CF772EB4DC3C00BBDA44;
			remoteInfo = RandomizerApp;
		};
/* End PBXContainerItemProxy section */

/* Begin PBXFileReference section */
		CFB1CF782EB4DC3C00BBDA44 /* RandomizerApp.app */ = {isa = PBXFileReference; explicitFileType = wrapper.application; includeInIndex = 0; path = RandomizerApp.app; sourceTree = BUILT_PRODUCTS_DIR; };
		CFB1CF8E2EB4DC3D00BBDA44 /* RandomizerAppTests.xctest */ = {isa = PBXFileReference; explicitFileType = wrapper.cfbundle; includeInIndex = 0; path = RandomizerAppTests.xctest; sourceTree = BUILT_PRODUCTS_DIR; };
		CFB1CF982EB4DC3D00BBDA44 /* RandomizerAppUITests.xctest */ = {isa = PBXFileReference; explicitFileType = wrapper.cfbundle; includeInIndex = 0; path = RandomizerAppUITests.xctest; sourceTree = BUILT_PRODUCTS_DIR; };
/* End PBXFileReference section */

/* Begin PBXFileSystemSynchronizedBuildFileExceptionSet section */
		CFB1CFA02EB4DC3D00BBDA44 /* Exceptions for "RandomizerApp" folder in "RandomizerApp" target */ = {
			isa = PBXFileSystemSynchronizedBuildFileExceptionSet;
			membershipExceptions = (
				Info.plist,
			);
			target = CFB1CF772EB4DC3C00BBDA44 /* RandomizerApp */;
		};
/* End PBXFileSystemSynchronizedBuildFileExceptionSet section */

/* Begin PBXFileSystemSynchronizedRootGroup section */
		CFB1CF7A2EB4DC3C00BBDA44 /* RandomizerApp */ = {
			isa = PBXFileSystemSynchronizedRootGroup;
			exceptions = (
				CFB1CFA02EB4DC3D00BBDA44 /* Exceptions for "RandomizerApp" folder in "RandomizerApp" target */,
			);
			path = RandomizerApp;
			sourceTree = "<group>";
		};
		CFB1CF912EB4DC3D00BBDA44 /* RandomizerAppTests */ = {
			isa = PBXFileSystemSynchronizedRootGroup;
			path = RandomizerAppTests;
			sourceTree = "<group>";
		};
		CFB1CF9B2EB4DC3D00BBDA44 /* RandomizerAppUITests */ = {
			isa = PBXFileSystemSynchronizedRootGroup;
			path = RandomizerAppUITests;
			sourceTree = "<group>";
		};
/* End PBXFileSystemSynchronizedRootGroup section */

/* Begin PBXFrameworksBuildPhase section */
		CFB1CF752EB4DC3C00BBDA44 /* Frameworks */ = {
			isa = PBXFrameworksBuildPhase;
			buildActionMask = 2147483647;
			files = (
			);
			runOnlyForDeploymentPostprocessing = 0;
		};
		CFB1CF8B2EB4DC3D00BBDA44 /* Frameworks */ = {
			isa = PBXFrameworksBuildPhase;
			buildActionMask = 2147483647;
			files = (
			);
			runOnlyForDeploymentPostprocessing = 0;
		};
		CFB1CF952EB4DC3D00BBDA44 /* Frameworks */ = {
			isa = PBXFrameworksBuildPhase;
			buildActionMask = 2147483647;
			files = (
			);
			runOnlyForDeploymentPostprocessing = 0;
		};
/* End PBXFrameworksBuildPhase section */

/* Begin PBXGroup section */
		CFB1CF6F2EB4DC3C00BBDA44 = {
			isa = PBXGroup;
			children = (
				CFB1CF7A2EB4DC3C00BBDA44 /* RandomizerApp */,
				CFB1CF912EB4DC3D00BBDA44 /* RandomizerAppTests */,
				CFB1CF9B2EB4DC3D00BBDA44 /* RandomizerAppUITests */,
				CFB1CF792EB4DC3C00BBDA44 /* Products */,
			);
			sourceTree = "<group>";
		};
		CFB1CF792EB4DC3C00BBDA44 /* Products */ = {
			isa = PBXGroup;
			children = (
				CFB1CF782EB4DC3C00BBDA44 /* RandomizerApp.app */,
				CFB1CF8E2EB4DC3D00BBDA44 /* RandomizerAppTests.xctest */,
				CFB1CF982EB4DC3D00BBDA44 /* RandomizerAppUITests.xctest */,
			);
			name = Products;
			sourceTree = "<group>";
		};
/* End PBXGroup section */

/* Begin PBXNativeTarget section */
		CFB1CF772EB4DC3C00BBDA44 /* RandomizerApp */ = {
			isa = PBXNativeTarget;
			buildConfigurationList = CFB1CFA12EB4DC3D00BBDA44 /* Build configuration list for PBXNativeTarget "RandomizerApp" */;
			buildPhases = (
				CFB1CF742EB4DC3C00BBDA44 /* Sources */,
				CFB1CF752EB4DC3C00BBDA44 /* Frameworks */,
				CFB1CF762EB4DC3C00BBDA44 /* Resources */,
			);
			buildRules = (
			);
			dependencies = (
			);
			fileSystemSynchronizedGroups = (
				CFB1CF7A2EB4DC3C00BBDA44 /* RandomizerApp */,
			);
			name = RandomizerApp;
			packageProductDependencies = (
			);
			productName = RandomizerApp;
			productReference = CFB1CF782EB4DC3C00BBDA44 /* RandomizerApp.app */;
			productType = "com.apple.product-type.application";
		};
		CFB1CF8D2EB4DC3D00BBDA44 /* RandomizerAppTests */ = {
			isa = PBXNativeTarget;
			buildConfigurationList = CFB1CFA62EB4DC3D00BBDA44 /* Build configuration list for PBXNativeTarget "RandomizerAppTests" */;
			buildPhases = (
				CFB1CF8A2EB4DC3D00BBDA44 /* Sources */,
				CFB1CF8B2EB4DC3D00BBDA44 /* Frameworks */,
				CFB1CF8C2EB4DC3D00BBDA44 /* Resources */,
			);
			buildRules = (
			);
			dependencies = (
				CFB1CF902EB4DC3D00BBDA44 /* PBXTargetDependency */,
			);
			fileSystemSynchronizedGroups = (
				CFB1CF912EB4DC3D00BBDA44 /* RandomizerAppTests */,
			);
			name = RandomizerAppTests;
			packageProductDependencies = (
			);
			productName = RandomizerAppTests;
			productReference = CFB1CF8E2EB4DC3D00BBDA44 /* RandomizerAppTests.xctest */;
			productType = "com.apple.product-type.bundle.unit-test";
		};
		CFB1CF972EB4DC3D00BBDA44 /* RandomizerAppUITests */ = {
			isa = PBXNativeTarget;
			buildConfigurationList = CFB1CFA92EB4DC3D00BBDA44 /* Build configuration list for PBXNativeTarget "RandomizerAppUITests" */;
			buildPhases = (
				CFB1CF942EB4DC3D00BBDA44 /* Sources */,
				CFB1CF952EB4DC3D00BBDA44 /* Frameworks */,
				CFB1CF962EB4DC3D00BBDA44 /* Resources */,
			);
			buildRules = (
			);
			dependencies = (
				CFB1CF9A2EB4DC3D00BBDA44 /* PBXTargetDependency */,
			);
			fileSystemSynchronizedGroups = (
				CFB1CF9B2EB4DC3D00BBDA44 /* RandomizerAppUITests */,
			);
			name = RandomizerAppUITests;
			packageProductDependencies = (
			);
			productName = RandomizerAppUITests;
			productReference = CFB1CF982EB4DC3D00BBDA44 /* RandomizerAppUITests.xctest */;
			productType = "com.apple.product-type.bundle.ui-testing";
		};
/* End PBXNativeTarget section */

/* Begin PBXProject section */
		CFB1CF702EB4DC3C00BBDA44 /* Project object */ = {
			isa = PBXProject;
			attributes = {
				BuildIndependentTargetsInParallel = 1;
				LastSwiftUpdateCheck = 1640;
				LastUpgradeCheck = 1640;
				TargetAttributes = {
					CFB1CF772EB4DC3C00BBDA44 = {
						CreatedOnToolsVersion = 16.4;
					};
					CFB1CF8D2EB4DC3D00BBDA44 = {
						CreatedOnToolsVersion = 16.4;
						TestTargetID = CFB1CF772EB4DC3C00BBDA44;
					};
					CFB1CF972EB4DC3D00BBDA44 = {
						CreatedOnToolsVersion = 16.4;
						TestTargetID = CFB1CF772EB4DC3C00BBDA44;
					};
				};
			};
			buildConfigurationList = CFB1CF732EB4DC3C00BBDA44 /* Build configuration list for PBXProject "RandomizerApp" */;
			developmentRegion = en;
			hasScannedForEncodings = 0;
			knownRegions = (
				en,
				Base,
			);
			mainGroup = CFB1CF6F2EB4DC3C00BBDA44;
			minimizedProjectReferenceProxies = 1;
			preferredProjectObjectVersion = 77;
			productRefGroup = CFB1CF792EB4DC3C00BBDA44 /* Products */;
			projectDirPath = "";
			projectRoot = "";
			targets = (
				CFB1CF772EB4DC3C00BBDA44 /* RandomizerApp */,
				CFB1CF8D2EB4DC3D00BBDA44 /* RandomizerAppTests */,
				CFB1CF972EB4DC3D00BBDA44 /* RandomizerAppUITests */,
			);
		};
/* End PBXProject section */

/* Begin PBXResourcesBuildPhase section */
		CFB1CF762EB4DC3C00BBDA44 /* Resources */ = {
			isa = PBXResourcesBuildPhase;
			buildActionMask = 2147483647;
			files = (
			);
			runOnlyForDeploymentPostprocessing = 0;
		};
		CFB1CF8C2EB4DC3D00BBDA44 /* Resources */ = {
			isa = PBXResourcesBuildPhase;
			buildActionMask = 2147483647;
			files = (
			);
			runOnlyForDeploymentPostprocessing = 0;
		};
		CFB1CF962EB4DC3D00BBDA44 /* Resources */ = {
			isa = PBXResourcesBuildPhase;
			buildActionMask = 2147483647;
			files = (
			);
			runOnlyForDeploymentPostprocessing = 0;
		};
/* End PBXResourcesBuildPhase section */

/* Begin PBXSourcesBuildPhase section */
		CFB1CF742EB4DC3C00BBDA44 /* Sources */ = {
			isa = PBXSourcesBuildPhase;
			buildActionMask = 2147483647;
			files = (
			);
			runOnlyForDeploymentPostprocessing = 0;
		};
		CFB1CF8A2EB4DC3D00BBDA44 /* Sources */ = {
			isa = PBXSourcesBuildPhase;
			buildActionMask = 2147483647;
			files = (
			);
			runOnlyForDeploymentPostprocessing = 0;
		};
		CFB1CF942EB4DC3D00BBDA44 /* Sources */ = {
			isa = PBXSourcesBuildPhase;
			buildActionMask = 2147483647;
			files = (
			);
			runOnlyForDeploymentPostprocessing = 0;
		};
/* End PBXSourcesBuildPhase section */

/* Begin PBXTargetDependency section */
		CFB1CF902EB4DC3D00BBDA44 /* PBXTargetDependency */ = {
			isa = PBXTargetDependency;
			target = CFB1CF772EB4DC3C00BBDA44 /* RandomizerApp */;
			targetProxy = CFB1CF8F2EB4DC3D00BBDA44 /* PBXContainerItemProxy */;
		};
		CFB1CF9A2EB4DC3D00BBDA44 /* PBXTargetDependency */ = {
			isa = PBXTargetDependency;
			target = CFB1CF772EB4DC3C00BBDA44 /* RandomizerApp */;
			targetProxy = CFB1CF992EB4DC3D00BBDA44 /* PBXContainerItemProxy */;
		};
/* End PBXTargetDependency section */

/* Begin XCBuildConfiguration section */
		CFB1CFA22EB4DC3D00BBDA44 /* Debug */ = {
			isa = XCBuildConfiguration;
			buildSettings = {
				ASSETCATALOG_COMPILER_APPICON_NAME = AppIcon;
				ASSETCATALOG_COMPILER_GLOBAL_ACCENT_COLOR_NAME = AccentColor;
				CODE_SIGN_STYLE = Automatic;
				CURRENT_PROJECT_VERSION = 1;
				GENERATE_INFOPLIST_FILE = YES;
				INFOPLIST_FILE = RandomizerApp/Info.plist;
				INFOPLIST_KEY_UIApplicationSupportsIndirectInputEvents = YES;
				INFOPLIST_KEY_UILaunchStoryboardName = LaunchScreen;
				INFOPLIST_KEY_UIMainStoryboardFile = Main;
				INFOPLIST_KEY_UISupportedInterfaceOrientations_iPad = "UIInterfaceOrientationPortrait UIInterfaceOrientationPortraitUpsideDown UIInterfaceOrientationLandscapeLeft UIInterfaceOrientationLandscapeRight";
				INFOPLIST_KEY_UISupportedInterfaceOrientations_iPhone = "UIInterfaceOrientationPortrait UIInterfaceOrientationLandscapeLeft UIInterfaceOrientationLandscapeRight";
				LD_RUNPATH_SEARCH_PATHS = (
					"$(inherited)",
					"@executable_path/Frameworks",
				);
				MARKETING_VERSION = 1.0;
				PRODUCT_BUNDLE_IDENTIFIER = Jania.RandomizerApp;
				PRODUCT_NAME = "$(TARGET_NAME)";
				SWIFT_EMIT_LOC_STRINGS = YES;
				SWIFT_VERSION = 5.0;
				TARGETED_DEVICE_FAMILY = "1,2";
			};
			name = Debug;
		};
		CFB1CFA32EB4DC3D00BBDA44 /* Release */ = {
			isa = XCBuildConfiguration;
			buildSettings = {
				ASSETCATALOG_COMPILER_APPICON_NAME = AppIcon;
				ASSETCATALOG_COMPILER_GLOBAL_ACCENT_COLOR_NAME = AccentColor;
				CODE_SIGN_STYLE = Automatic;
				CURRENT_PROJECT_VERSION = 1;
				GENERATE_INFOPLIST_FILE = YES;
				INFOPLIST_FILE = RandomizerApp/Info.plist;
				INFOPLIST_KEY_UIApplicationSupportsIndirectInputEvents = YES;
				INFOPLIST_KEY_UILaunchStoryboardName = LaunchScreen;
				INFOPLIST_KEY_UIMainStoryboardFile = Main;
				INFOPLIST_KEY_UISupportedInterfaceOrientations_iPad = "UIInterfaceOrientationPortrait UIInterfaceOrientationPortraitUpsideDown UIInterfaceOrientationLandscapeLeft UIInterfaceOrientationLandscapeRight";
				INFOPLIST_KEY_UISupportedInterfaceOrientations_iPhone = "UIInterfaceOrientationPortrait UIInterfaceOrientationLandscapeLeft UIInterfaceOrientationLandscapeRight";
				LD_RUNPATH_SEARCH_PATHS = (
					"$(inherited)",
					"@executable_path/Frameworks",
				);
				MARKETING_VERSION = 1.0;
				PRODUCT_BUNDLE_IDENTIFIER = Jania.RandomizerApp;
				PRODUCT_NAME = "$(TARGET_NAME)";
				SWIFT_EMIT_LOC_STRINGS = YES;
				SWIFT_VERSION = 5.0;
				TARGETED_DEVICE_FAMILY = "1,2";
			};
			name = Release;
		};
		CFB1CFA42EB4DC3D00BBDA44 /* Debug */ = {
			isa = XCBuildConfiguration;
			buildSettings = {
				ALWAYS_SEARCH_USER_PATHS = NO;
				ASSETCATALOG_COMPILER_GENERATE_SWIFT_ASSET_SYMBOL_EXTENSIONS = YES;
				CLANG_ANALYZER_NONNULL = YES;
				CLANG_ANALYZER_NUMBER_OBJECT_CONVERSION = YES_AGGRESSIVE;
				CLANG_CXX_LANGUAGE_STANDARD = "gnu++20";
				CLANG_ENABLE_MODULES = YES;
				CLANG_ENABLE_OBJC_ARC = YES;
				CLANG_ENABLE_OBJC_WEAK = YES;
				CLANG_WARN_BLOCK_CAPTURE_AUTORELEASING = YES;
				CLANG_WARN_BOOL_CONVERSION = YES;
				CLANG_WARN_COMMA = YES;
				CLANG_WARN_CONSTANT_CONVERSION = YES;
				CLANG_WARN_DEPRECATED_OBJC_IMPLEMENTATIONS = YES;
				CLANG_WARN_DIRECT_OBJC_ISA_USAGE = YES_ERROR;
				CLANG_WARN_DOCUMENTATION_COMMENTS = YES;
				CLANG_WARN_EMPTY_BODY = YES;
				CLANG_WARN_ENUM_CONVERSION = YES;
				CLANG_WARN_INFINITE_RECURSION = YES;
				CLANG_WARN_INT_CONVERSION = YES;
				CLANG_WARN_NON_LITERAL_NULL_CONVERSION = YES;
				CLANG_WARN_OBJC_IMPLICIT_RETAIN_SELF = YES;
				CLANG_WARN_OBJC_LITERAL_CONVERSION = YES;
				CLANG_WARN_OBJC_ROOT_CLASS = YES_ERROR;
				CLANG_WARN_QUOTED_INCLUDE_IN_FRAMEWORK_HEADER = YES;
				CLANG_WARN_RANGE_LOOP_ANALYSIS = YES;
				CLANG_WARN_STRICT_PROTOTYPES = YES;
				CLANG_WARN_SUSPICIOUS_MOVE = YES;
				CLANG_WARN_UNGUARDED_AVAILABILITY = YES_AGGRESSIVE;
				CLANG_WARN_UNREACHABLE_CODE = YES;
				CLANG_WARN__DUPLICATE_METHOD_MATCH = YES;
				COPY_PHASE_STRIP = NO;
				DEBUG_INFORMATION_FORMAT = dwarf;
				ENABLE_STRICT_OBJC_MSGSEND = YES;
				ENABLE_TESTABILITY = YES;
				ENABLE_USER_SCRIPT_SANDBOXING = YES;
				GCC_C_LANGUAGE_STANDARD = gnu17;
				GCC_DYNAMIC_NO_PIC = NO;
				GCC_NO_COMMON_BLOCKS = YES;
				GCC_OPTIMIZATION_LEVEL = 0;
				GCC_PREPROCESSOR_DEFINITIONS = (
					"DEBUG=1",
					"$(inherited)",
				);
				GCC_WARN_64_TO_32_BIT_CONVERSION = YES;
				GCC_WARN_ABOUT_RETURN_TYPE = YES_ERROR;
				GCC_WARN_UNDECLARED_SELECTOR = YES;
				GCC_WARN_UNINITIALIZED_AUTOS = YES_AGGRESSIVE;
				GCC_WARN_UNUSED_FUNCTION = YES;
				GCC_WARN_UNUSED_VARIABLE = YES;
				IPHONEOS_DEPLOYMENT_TARGET = 18.5;
				LOCALIZATION_PREFERS_STRING_CATALOGS = YES;
				MTL_ENABLE_DEBUG_INFO = INCLUDE_SOURCE;
				MTL_FAST_MATH = YES;
				ONLY_ACTIVE_ARCH = YES;
				SDKROOT = iphoneos;
				SWIFT_ACTIVE_COMPILATION_CONDITIONS = "DEBUG $(inherited)";
				SWIFT_OPTIMIZATION_LEVEL = "-Onone";
			};
			name = Debug;
		};
		CFB1CFA52EB4DC3D00BBDA44 /* Release */ = {
			isa = XCBuildConfiguration;
			buildSettings = {
				ALWAYS_SEARCH_USER_PATHS = NO;
				ASSETCATALOG_COMPILER_GENERATE_SWIFT_ASSET_SYMBOL_EXTENSIONS = YES;
				CLANG_ANALYZER_NONNULL = YES;
				CLANG_ANALYZER_NUMBER_OBJECT_CONVERSION = YES_AGGRESSIVE;
				CLANG_CXX_LANGUAGE_STANDARD = "gnu++20";
				CLANG_ENABLE_MODULES = YES;
				CLANG_ENABLE_OBJC_ARC = YES;
				CLANG_ENABLE_OBJC_WEAK = YES;
				CLANG_WARN_BLOCK_CAPTURE_AUTORELEASING = YES;
				CLANG_WARN_BOOL_CONVERSION = YES;
				CLANG_WARN_COMMA = YES;
				CLANG_WARN_CONSTANT_CONVERSION = YES;
				CLANG_WARN_DEPRECATED_OBJC_IMPLEMENTATIONS = YES;
				CLANG_WARN_DIRECT_OBJC_ISA_USAGE = YES_ERROR;
				CLANG_WARN_DOCUMENTATION_COMMENTS = YES;
				CLANG_WARN_EMPTY_BODY = YES;
				CLANG_WARN_ENUM_CONVERSION = YES;
				CLANG_WARN_INFINITE_RECURSION = YES;
				CLANG_WARN_INT_CONVERSION = YES;
				CLANG_WARN_NON_LITERAL_NULL_CONVERSION = YES;
				CLANG_WARN_OBJC_IMPLICIT_RETAIN_SELF = YES;
				CLANG_WARN_OBJC_LITERAL_CONVERSION = YES;
				CLANG_WARN_OBJC_ROOT_CLASS = YES_ERROR;
				CLANG_WARN_QUOTED_INCLUDE_IN_FRAMEWORK_HEADER = YES;
				CLANG_WARN_RANGE_LOOP_ANALYSIS = YES;
				CLANG_WARN_STRICT_PROTOTYPES = YES;
				CLANG_WARN_SUSPICIOUS_MOVE = YES;
				CLANG_WARN_UNGUARDED_AVAILABILITY = YES_AGGRESSIVE;
				CLANG_WARN_UNREACHABLE_CODE = YES;
				CLANG_WARN__DUPLICATE_METHOD_MATCH = YES;
				COPY_PHASE_STRIP = NO;
				DEBUG_INFORMATION_FORMAT = "dwarf-with-dsym";
				ENABLE_NS_ASSERTIONS = NO;
				ENABLE_STRICT_OBJC_MSGSEND = YES;
				ENABLE_USER_SCRIPT_SANDBOXING = YES;
				GCC_C_LANGUAGE_STANDARD = gnu17;
				GCC_NO_COMMON_BLOCKS = YES;
				GCC_WARN_64_TO_32_BIT_CONVERSION = YES;
				GCC_WARN_ABOUT_RETURN_TYPE = YES_ERROR;
				GCC_WARN_UNDECLARED_SELECTOR = YES;
				GCC_WARN_UNINITIALIZED_AUTOS = YES_AGGRESSIVE;
				GCC_WARN_UNUSED_FUNCTION = YES;
				GCC_WARN_UNUSED_VARIABLE = YES;
				IPHONEOS_DEPLOYMENT_TARGET = 18.5;
				LOCALIZATION_PREFERS_STRING_CATALOGS = YES;
				MTL_ENABLE_DEBUG_INFO = NO;
				MTL_FAST_MATH = YES;
				SDKROOT = iphoneos;
				SWIFT_COMPILATION_MODE = wholemodule;
				VALIDATE_PRODUCT = YES;
			};
			name = Release;
		};
		CFB1CFA72EB4DC3D00BBDA44 /* Debug */ = {
			isa = XCBuildConfiguration;
			buildSettings = {
				BUNDLE_LOADER = "$(TEST_HOST)";
				CODE_SIGN_STYLE = Automatic;
				CURRENT_PROJECT_VERSION = 1;
				GENERATE_INFOPLIST_FILE = YES;
				IPHONEOS_DEPLOYMENT_TARGET = 18.5;
				MARKETING_VERSION = 1.0;
				PRODUCT_BUNDLE_IDENTIFIER = Jania.RandomizerAppTests;
				PRODUCT_NAME = "$(TARGET_NAME)";
				SWIFT_EMIT_LOC_STRINGS = NO;
				SWIFT_VERSION = 5.0;
				TARGETED_DEVICE_FAMILY = "1,2";
				TEST_HOST = "$(BUILT_PRODUCTS_DIR)/RandomizerApp.app/$(BUNDLE_EXECUTABLE_FOLDER_PATH)/RandomizerApp";
			};
			name = Debug;
		};
		CFB1CFA82EB4DC3D00BBDA44 /* Release */ = {
			isa = XCBuildConfiguration;
			buildSettings = {
				BUNDLE_LOADER = "$(TEST_HOST)";
				CODE_SIGN_STYLE = Automatic;
				CURRENT_PROJECT_VERSION = 1;
				GENERATE_INFOPLIST_FILE = YES;
				IPHONEOS_DEPLOYMENT_TARGET = 18.5;
				MARKETING_VERSION = 1.0;
				PRODUCT_BUNDLE_IDENTIFIER = Jania.RandomizerAppTests;
				PRODUCT_NAME = "$(TARGET_NAME)";
				SWIFT_EMIT_LOC_STRINGS = NO;
				SWIFT_VERSION = 5.0;
				TARGETED_DEVICE_FAMILY = "1,2";
				TEST_HOST = "$(BUILT_PRODUCTS_DIR)/RandomizerApp.app/$(BUNDLE_EXECUTABLE_FOLDER_PATH)/RandomizerApp";
			};
			name = Release;
		};
		CFB1CFAA2EB4DC3D00BBDA44 /* Debug */ = {
			isa = XCBuildConfiguration;
			buildSettings = {
				CODE_SIGN_STYLE = Automatic;
				CURRENT_PROJECT_VERSION = 1;
				GENERATE_INFOPLIST_FILE = YES;
				MARKETING_VERSION = 1.0;
				PRODUCT_BUNDLE_IDENTIFIER = Jania.RandomizerAppUITests;
				PRODUCT_NAME = "$(TARGET_NAME)";
				SWIFT_EMIT_LOC_STRINGS = NO;
				SWIFT_VERSION = 5.0;
				TARGETED_DEVICE_FAMILY = "1,2";
				TEST_TARGET_NAME = RandomizerApp;
			};
			name = Debug;
		};
		CFB1CFAB2EB4DC3D00BBDA44 /* Release */ = {
			isa = XCBuildConfiguration;
			buildSettings = {
				CODE_SIGN_STYLE = Automatic;
				CURRENT_PROJECT_VERSION = 1;
				GENERATE_INFOPLIST_FILE = YES;
				MARKETING_VERSION = 1.0;
				PRODUCT_BUNDLE_IDENTIFIER = Jania.RandomizerAppUITests;
				PRODUCT_NAME = "$(TARGET_NAME)";
				SWIFT_EMIT_LOC_STRINGS = NO;
				SWIFT_VERSION = 5.0;
				TARGETED_DEVICE_FAMILY = "1,2";
				TEST_TARGET_NAME = RandomizerApp;
			};
			name = Release;
		};
/* End XCBuildConfiguration section */

/* Begin XCConfigurationList section */
		CFB1CF732EB4DC3C00BBDA44 /* Build configuration list for PBXProject "RandomizerApp" */ = {
			isa = XCConfigurationList;
			buildConfigurations = (
				CFB1CFA42EB4DC3D00BBDA44 /* Debug */,
				CFB1CFA52EB4DC3D00BBDA44 /* Release */,
			);
			defaultConfigurationIsVisible = 0;
			defaultConfigurationName = Release;
		};
		CFB1CFA12EB4DC3D00BBDA44 /* Build configuration list for PBXNativeTarget "RandomizerApp" */ = {
			isa = XCConfigurationList;
			buildConfigurations = (
				CFB1CFA22EB4DC3D00BBDA44 /* Debug */,
				CFB1CFA32EB4DC3D00BBDA44 /* Release */,
			);
			defaultConfigurationIsVisible = 0;
			defaultConfigurationName = Release;
		};
		CFB1CFA62EB4DC3D00BBDA44 /* Build configuration list for PBXNativeTarget "RandomizerAppTests" */ = {
			isa = XCConfigurationList;
			buildConfigurations = (
				CFB1CFA72EB4DC3D00BBDA44 /* Debug */,
				CFB1CFA82EB4DC3D00BBDA44 /* Release */,
			);
			defaultConfigurationIsVisible = 0;
			defaultConfigurationName = Release;
		};
		CFB1CFA92EB4DC3D00BBDA44 /* Build configuration list for PBXNativeTarget "RandomizerAppUITests" */ = {
			isa = XCConfigurationList;
			buildConfigurations = (
				CFB1CFAA2EB4DC3D00BBDA44 /* Debug */,
				CFB1CFAB2EB4DC3D00BBDA44 /* Release */,
			);
			defaultConfigurationIsVisible = 0;
			defaultConfigurationName = Release;
		};
/* End XCConfigurationList section */
	};
	rootObject = CFB1CF702EB4DC3C00BBDA44 /* Project object */;
}
