// !$*UTF8*$!
{
	archiveVersion = 1;
	classes = {
	};
	objectVersion = 77;
	objects = {

/* Begin PBXContainerItemProxy section */
		CF3BAF5C2F53050500C718B8 /* PBXContainerItemProxy */ = {
			isa = PBXContainerItemProxy;
			containerPortal = CF3BAF462F53050300C718B8 /* Project object */;
			proxyType = 1;
			remoteGlobalIDString = CF3BAF4D2F53050300C718B8;
			remoteInfo = iOS_Adv_lab2;
		};
		CF3BAF662F53050500C718B8 /* PBXContainerItemProxy */ = {
			isa = PBXContainerItemProxy;
			containerPortal = CF3BAF462F53050300C718B8 /* Project object */;
			proxyType = 1;
			remoteGlobalIDString = CF3BAF4D2F53050300C718B8;
			remoteInfo = iOS_Adv_lab2;
		};
/* End PBXContainerItemProxy section */

/* Begin PBXFileReference section */
		CF3BAF4E2F53050300C718B8 /* iOS_Adv_lab2.app */ = {isa = PBXFileReference; explicitFileType = wrapper.application; includeInIndex = 0; path = iOS_Adv_lab2.app; sourceTree = BUILT_PRODUCTS_DIR; };
		CF3BAF5B2F53050500C718B8 /* iOS_Adv_lab2Tests.xctest */ = {isa = PBXFileReference; explicitFileType = wrapper.cfbundle; includeInIndex = 0; path = iOS_Adv_lab2Tests.xctest; sourceTree = BUILT_PRODUCTS_DIR; };
		CF3BAF652F53050500C718B8 /* iOS_Adv_lab2UITests.xctest */ = {isa = PBXFileReference; explicitFileType = wrapper.cfbundle; includeInIndex = 0; path = iOS_Adv_lab2UITests.xctest; sourceTree = BUILT_PRODUCTS_DIR; };
/* End PBXFileReference section */

/* Begin PBXFileSystemSynchronizedRootGroup section */
		CF3BAF502F53050300C718B8 /* iOS_Adv_lab2 */ = {
			isa = PBXFileSystemSynchronizedRootGroup;
			path = iOS_Adv_lab2;
			sourceTree = "<group>";
		};
		CF3BAF5E2F53050500C718B8 /* iOS_Adv_lab2Tests */ = {
			isa = PBXFileSystemSynchronizedRootGroup;
			path = iOS_Adv_lab2Tests;
			sourceTree = "<group>";
		};
		CF3BAF682F53050500C718B8 /* iOS_Adv_lab2UITests */ = {
			isa = PBXFileSystemSynchronizedRootGroup;
			path = iOS_Adv_lab2UITests;
			sourceTree = "<group>";
		};
/* End PBXFileSystemSynchronizedRootGroup section */

/* Begin PBXFrameworksBuildPhase section */
		CF3BAF4B2F53050300C718B8 /* Frameworks */ = {
			isa = PBXFrameworksBuildPhase;
			buildActionMask = 2147483647;
			files = (
			);
			runOnlyForDeploymentPostprocessing = 0;
		};
		CF3BAF582F53050500C718B8 /* Frameworks */ = {
			isa = PBXFrameworksBuildPhase;
			buildActionMask = 2147483647;
			files = (
			);
			runOnlyForDeploymentPostprocessing = 0;
		};
		CF3BAF622F53050500C718B8 /* Frameworks */ = {
			isa = PBXFrameworksBuildPhase;
			buildActionMask = 2147483647;
			files = (
			);
			runOnlyForDeploymentPostprocessing = 0;
		};
/* End PBXFrameworksBuildPhase section */

/* Begin PBXGroup section */
		CF3BAF452F53050300C718B8 = {
			isa = PBXGroup;
			children = (
				CF3BAF502F53050300C718B8 /* iOS_Adv_lab2 */,
				CF3BAF5E2F53050500C718B8 /* iOS_Adv_lab2Tests */,
				CF3BAF682F53050500C718B8 /* iOS_Adv_lab2UITests */,
				CF3BAF4F2F53050300C718B8 /* Products */,
			);
			sourceTree = "<group>";
		};
		CF3BAF4F2F53050300C718B8 /* Products */ = {
			isa = PBXGroup;
			children = (
				CF3BAF4E2F53050300C718B8 /* iOS_Adv_lab2.app */,
				CF3BAF5B2F53050500C718B8 /* iOS_Adv_lab2Tests.xctest */,
				CF3BAF652F53050500C718B8 /* iOS_Adv_lab2UITests.xctest */,
			);
			name = Products;
			sourceTree = "<group>";
		};
/* End PBXGroup section */

/* Begin PBXNativeTarget section */
		CF3BAF4D2F53050300C718B8 /* iOS_Adv_lab2 */ = {
			isa = PBXNativeTarget;
			buildConfigurationList = CF3BAF6F2F53050500C718B8 /* Build configuration list for PBXNativeTarget "iOS_Adv_lab2" */;
			buildPhases = (
				CF3BAF4A2F53050300C718B8 /* Sources */,
				CF3BAF4B2F53050300C718B8 /* Frameworks */,
				CF3BAF4C2F53050300C718B8 /* Resources */,
			);
			buildRules = (
			);
			dependencies = (
			);
			fileSystemSynchronizedGroups = (
				CF3BAF502F53050300C718B8 /* iOS_Adv_lab2 */,
			);
			name = iOS_Adv_lab2;
			packageProductDependencies = (
			);
			productName = iOS_Adv_lab2;
			productReference = CF3BAF4E2F53050300C718B8 /* iOS_Adv_lab2.app */;
			productType = "com.apple.product-type.application";
		};
		CF3BAF5A2F53050500C718B8 /* iOS_Adv_lab2Tests */ = {
			isa = PBXNativeTarget;
			buildConfigurationList = CF3BAF722F53050500C718B8 /* Build configuration list for PBXNativeTarget "iOS_Adv_lab2Tests" */;
			buildPhases = (
				CF3BAF572F53050500C718B8 /* Sources */,
				CF3BAF582F53050500C718B8 /* Frameworks */,
				CF3BAF592F53050500C718B8 /* Resources */,
			);
			buildRules = (
			);
			dependencies = (
				CF3BAF5D2F53050500C718B8 /* PBXTargetDependency */,
			);
			fileSystemSynchronizedGroups = (
				CF3BAF5E2F53050500C718B8 /* iOS_Adv_lab2Tests */,
			);
			name = iOS_Adv_lab2Tests;
			packageProductDependencies = (
			);
			productName = iOS_Adv_lab2Tests;
			productReference = CF3BAF5B2F53050500C718B8 /* iOS_Adv_lab2Tests.xctest */;
			productType = "com.apple.product-type.bundle.unit-test";
		};
		CF3BAF642F53050500C718B8 /* iOS_Adv_lab2UITests */ = {
			isa = PBXNativeTarget;
			buildConfigurationList = CF3BAF752F53050500C718B8 /* Build configuration list for PBXNativeTarget "iOS_Adv_lab2UITests" */;
			buildPhases = (
				CF3BAF612F53050500C718B8 /* Sources */,
				CF3BAF622F53050500C718B8 /* Frameworks */,
				CF3BAF632F53050500C718B8 /* Resources */,
			);
			buildRules = (
			);
			dependencies = (
				CF3BAF672F53050500C718B8 /* PBXTargetDependency */,
			);
			fileSystemSynchronizedGroups = (
				CF3BAF682F53050500C718B8 /* iOS_Adv_lab2UITests */,
			);
			name = iOS_Adv_lab2UITests;
			packageProductDependencies = (
			);
			productName = iOS_Adv_lab2UITests;
			productReference = CF3BAF652F53050500C718B8 /* iOS_Adv_lab2UITests.xctest */;
			productType = "com.apple.product-type.bundle.ui-testing";
		};
/* End PBXNativeTarget section */

/* Begin PBXProject section */
		CF3BAF462F53050300C718B8 /* Project object */ = {
			isa = PBXProject;
			attributes = {
				BuildIndependentTargetsInParallel = 1;
				LastSwiftUpdateCheck = 1640;
				LastUpgradeCheck = 1640;
				TargetAttributes = {
					CF3BAF4D2F53050300C718B8 = {
						CreatedOnToolsVersion = 16.4;
					};
					CF3BAF5A2F53050500C718B8 = {
						CreatedOnToolsVersion = 16.4;
						TestTargetID = CF3BAF4D2F53050300C718B8;
					};
					CF3BAF642F53050500C718B8 = {
						CreatedOnToolsVersion = 16.4;
						TestTargetID = CF3BAF4D2F53050300C718B8;
					};
				};
			};
			buildConfigurationList = CF3BAF492F53050300C718B8 /* Build configuration list for PBXProject "iOS_Adv_lab2" */;
			developmentRegion = en;
			hasScannedForEncodings = 0;
			knownRegions = (
				en,
				Base,
			);
			mainGroup = CF3BAF452F53050300C718B8;
			minimizedProjectReferenceProxies = 1;
			preferredProjectObjectVersion = 77;
			productRefGroup = CF3BAF4F2F53050300C718B8 /* Products */;
			projectDirPath = "";
			projectRoot = "";
			targets = (
				CF3BAF4D2F53050300C718B8 /* iOS_Adv_lab2 */,
				CF3BAF5A2F53050500C718B8 /* iOS_Adv_lab2Tests */,
				CF3BAF642F53050500C718B8 /* iOS_Adv_lab2UITests */,
			);
		};
/* End PBXProject section */

/* Begin PBXResourcesBuildPhase section */
		CF3BAF4C2F53050300C718B8 /* Resources */ = {
			isa = PBXResourcesBuildPhase;
			buildActionMask = 2147483647;
			files = (
			);
			runOnlyForDeploymentPostprocessing = 0;
		};
		CF3BAF592F53050500C718B8 /* Resources */ = {
			isa = PBXResourcesBuildPhase;
			buildActionMask = 2147483647;
			files = (
			);
			runOnlyForDeploymentPostprocessing = 0;
		};
		CF3BAF632F53050500C718B8 /* Resources */ = {
			isa = PBXResourcesBuildPhase;
			buildActionMask = 2147483647;
			files = (
			);
			runOnlyForDeploymentPostprocessing = 0;
		};
/* End PBXResourcesBuildPhase section */

/* Begin PBXSourcesBuildPhase section */
		CF3BAF4A2F53050300C718B8 /* Sources */ = {
			isa = PBXSourcesBuildPhase;
			buildActionMask = 2147483647;
			files = (
			);
			runOnlyForDeploymentPostprocessing = 0;
		};
		CF3BAF572F53050500C718B8 /* Sources */ = {
			isa = PBXSourcesBuildPhase;
			buildActionMask = 2147483647;
			files = (
			);
			runOnlyForDeploymentPostprocessing = 0;
		};
		CF3BAF612F53050500C718B8 /* Sources */ = {
			isa = PBXSourcesBuildPhase;
			buildActionMask = 2147483647;
			files = (
			);
			runOnlyForDeploymentPostprocessing = 0;
		};
/* End PBXSourcesBuildPhase section */

/* Begin PBXTargetDependency section */
		CF3BAF5D2F53050500C718B8 /* PBXTargetDependency */ = {
			isa = PBXTargetDependency;
			target = CF3BAF4D2F53050300C718B8 /* iOS_Adv_lab2 */;
			targetProxy = CF3BAF5C2F53050500C718B8 /* PBXContainerItemProxy */;
		};
		CF3BAF672F53050500C718B8 /* PBXTargetDependency */ = {
			isa = PBXTargetDependency;
			target = CF3BAF4D2F53050300C718B8 /* iOS_Adv_lab2 */;
			targetProxy = CF3BAF662F53050500C718B8 /* PBXContainerItemProxy */;
		};
/* End PBXTargetDependency section */

/* Begin XCBuildConfiguration section */
		CF3BAF6D2F53050500C718B8 /* Debug */ = {
			isa = XCBuildConfiguration;
			buildSettings = {
				ALWAYS_SEARCH_USER_PATHS = NO;
				ASSETCATALOG_COMPILER_GENERATE_SWIFT_ASSET_SYMBOL_EXTENSIONS = YES;
				CLANG_ANALYZER_NONNULL = YES;
				CLANG_ANALYZER_NUMBER_OBJECT_CONVERSION = YES_AGGRESSIVE;
				CLANG_CXX_LANGUAGE_STANDARD = "gnu++20";
				CLANG_ENABLE_MODULES = YES;
				CLANG_ENABLE_OBJC_ARC = YES;
				CLANG_ENABLE_OBJC_WEAK = YES;
				CLANG_WARN_BLOCK_CAPTURE_AUTORELEASING = YES;
				CLANG_WARN_BOOL_CONVERSION = YES;
				CLANG_WARN_COMMA = YES;
				CLANG_WARN_CONSTANT_CONVERSION = YES;
				CLANG_WARN_DEPRECATED_OBJC_IMPLEMENTATIONS = YES;
				CLANG_WARN_DIRECT_OBJC_ISA_USAGE = YES_ERROR;
				CLANG_WARN_DOCUMENTATION_COMMENTS = YES;
				CLANG_WARN_EMPTY_BODY = YES;
				CLANG_WARN_ENUM_CONVERSION = YES;
				CLANG_WARN_INFINITE_RECURSION = YES;
				CLANG_WARN_INT_CONVERSION = YES;
				CLANG_WARN_NON_LITERAL_NULL_CONVERSION = YES;
				CLANG_WARN_OBJC_IMPLICIT_RETAIN_SELF = YES;
				CLANG_WARN_OBJC_LITERAL_CONVERSION = YES;
				CLANG_WARN_OBJC_ROOT_CLASS = YES_ERROR;
				CLANG_WARN_QUOTED_INCLUDE_IN_FRAMEWORK_HEADER = YES;
				CLANG_WARN_RANGE_LOOP_ANALYSIS = YES;
				CLANG_WARN_STRICT_PROTOTYPES = YES;
				CLANG_WARN_SUSPICIOUS_MOVE = YES;
				CLANG_WARN_UNGUARDED_AVAILABILITY = YES_AGGRESSIVE;
				CLANG_WARN_UNREACHABLE_CODE = YES;
				CLANG_WARN__DUPLICATE_METHOD_MATCH = YES;
				COPY_PHASE_STRIP = NO;
				DEBUG_INFORMATION_FORMAT = dwarf;
				ENABLE_STRICT_OBJC_MSGSEND = YES;
				ENABLE_TESTABILITY = YES;
				ENABLE_USER_SCRIPT_SANDBOXING = YES;
				GCC_C_LANGUAGE_STANDARD = gnu17;
				GCC_DYNAMIC_NO_PIC = NO;
				GCC_NO_COMMON_BLOCKS = YES;
				GCC_OPTIMIZATION_LEVEL = 0;
				GCC_PREPROCESSOR_DEFINITIONS = (
					"DEBUG=1",
					"$(inherited)",
				);
				GCC_WARN_64_TO_32_BIT_CONVERSION = YES;
				GCC_WARN_ABOUT_RETURN_TYPE = YES_ERROR;
				GCC_WARN_UNDECLARED_SELECTOR = YES;
				GCC_WARN_UNINITIALIZED_AUTOS = YES_AGGRESSIVE;
				GCC_WARN_UNUSED_FUNCTION = YES;
				GCC_WARN_UNUSED_VARIABLE = YES;
				IPHONEOS_DEPLOYMENT_TARGET = 18.5;
				LOCALIZATION_PREFERS_STRING_CATALOGS = YES;
				MTL_ENABLE_DEBUG_INFO = INCLUDE_SOURCE;
				MTL_FAST_MATH = YES;
				ONLY_ACTIVE_ARCH = YES;
				SDKROOT = iphoneos;
				SWIFT_ACTIVE_COMPILATION_CONDITIONS = "DEBUG $(inherited)";
				SWIFT_OPTIMIZATION_LEVEL = "-Onone";
			};
			name = Debug;
		};
		CF3BAF6E2F53050500C718B8 /* Release */ = {
			isa = XCBuildConfiguration;
			buildSettings = {
				ALWAYS_SEARCH_USER_PATHS = NO;
				ASSETCATALOG_COMPILER_GENERATE_SWIFT_ASSET_SYMBOL_EXTENSIONS = YES;
				CLANG_ANALYZER_NONNULL = YES;
				CLANG_ANALYZER_NUMBER_OBJECT_CONVERSION = YES_AGGRESSIVE;
				CLANG_CXX_LANGUAGE_STANDARD = "gnu++20";
				CLANG_ENABLE_MODULES = YES;
				CLANG_ENABLE_OBJC_ARC = YES;
				CLANG_ENABLE_OBJC_WEAK = YES;
				CLANG_WARN_BLOCK_CAPTURE_AUTORELEASING = YES;
				CLANG_WARN_BOOL_CONVERSION = YES;
				CLANG_WARN_COMMA = YES;
				CLANG_WARN_CONSTANT_CONVERSION = YES;
				CLANG_WARN_DEPRECATED_OBJC_IMPLEMENTATIONS = YES;
				CLANG_WARN_DIRECT_OBJC_ISA_USAGE = YES_ERROR;
				CLANG_WARN_DOCUMENTATION_COMMENTS = YES;
				CLANG_WARN_EMPTY_BODY = YES;
				CLANG_WARN_ENUM_CONVERSION = YES;
				CLANG_WARN_INFINITE_RECURSION = YES;
				CLANG_WARN_INT_CONVERSION = YES;
				CLANG_WARN_NON_LITERAL_NULL_CONVERSION = YES;
				CLANG_WARN_OBJC_IMPLICIT_RETAIN_SELF = YES;
				CLANG_WARN_OBJC_LITERAL_CONVERSION = YES;
				CLANG_WARN_OBJC_ROOT_CLASS = YES_ERROR;
				CLANG_WARN_QUOTED_INCLUDE_IN_FRAMEWORK_HEADER = YES;
				CLANG_WARN_RANGE_LOOP_ANALYSIS = YES;
				CLANG_WARN_STRICT_PROTOTYPES = YES;
				CLANG_WARN_SUSPICIOUS_MOVE = YES;
				CLANG_WARN_UNGUARDED_AVAILABILITY = YES_AGGRESSIVE;
				CLANG_WARN_UNREACHABLE_CODE = YES;
				CLANG_WARN__DUPLICATE_METHOD_MATCH = YES;
				COPY_PHASE_STRIP = NO;
				DEBUG_INFORMATION_FORMAT = "dwarf-with-dsym";
				ENABLE_NS_ASSERTIONS = NO;
				ENABLE_STRICT_OBJC_MSGSEND = YES;
				ENABLE_USER_SCRIPT_SANDBOXING = YES;
				GCC_C_LANGUAGE_STANDARD = gnu17;
				GCC_NO_COMMON_BLOCKS = YES;
				GCC_WARN_64_TO_32_BIT_CONVERSION = YES;
				GCC_WARN_ABOUT_RETURN_TYPE = YES_ERROR;
				GCC_WARN_UNDECLARED_SELECTOR = YES;
				GCC_WARN_UNINITIALIZED_AUTOS = YES_AGGRESSIVE;
				GCC_WARN_UNUSED_FUNCTION = YES;
				GCC_WARN_UNUSED_VARIABLE = YES;
				IPHONEOS_DEPLOYMENT_TARGET = 18.5;
				LOCALIZATION_PREFERS_STRING_CATALOGS = YES;
				MTL_ENABLE_DEBUG_INFO = NO;
				MTL_FAST_MATH = YES;
				SDKROOT = iphoneos;
				SWIFT_COMPILATION_MODE = wholemodule;
				VALIDATE_PRODUCT = YES;
			};
			name = Release;
		};
		CF3BAF702F53050500C718B8 /* Debug */ = {
			isa = XCBuildConfiguration;
			buildSettings = {
				ASSETCATALOG_COMPILER_APPICON_NAME = AppIcon;
				ASSETCATALOG_COMPILER_GLOBAL_ACCENT_COLOR_NAME = AccentColor;
				CODE_SIGN_STYLE = Automatic;
				CURRENT_PROJECT_VERSION = 1;
				ENABLE_PREVIEWS = YES;
				GENERATE_INFOPLIST_FILE = YES;
				INFOPLIST_KEY_UIApplicationSceneManifest_Generation = YES;
				INFOPLIST_KEY_UIApplicationSupportsIndirectInputEvents = YES;
				INFOPLIST_KEY_UILaunchScreen_Generation = YES;
				INFOPLIST_KEY_UISupportedInterfaceOrientations_iPad = "UIInterfaceOrientationPortrait UIInterfaceOrientationPortraitUpsideDown UIInterfaceOrientationLandscapeLeft UIInterfaceOrientationLandscapeRight";
				INFOPLIST_KEY_UISupportedInterfaceOrientations_iPhone = "UIInterfaceOrientationPortrait UIInterfaceOrientationLandscapeLeft UIInterfaceOrientationLandscapeRight";
				LD_RUNPATH_SEARCH_PATHS = (
					"$(inherited)",
					"@executable_path/Frameworks",
				);
				MARKETING_VERSION = 1.0;
				PRODUCT_BUNDLE_IDENTIFIER = "Jania.iOS-Adv-lab2";
				PRODUCT_NAME = "$(TARGET_NAME)";
				SWIFT_EMIT_LOC_STRINGS = YES;
				SWIFT_VERSION = 5.0;
				TARGETED_DEVICE_FAMILY = "1,2";
			};
			name = Debug;
		};
		CF3BAF712F53050500C718B8 /* Release */ = {
			isa = XCBuildConfiguration;
			buildSettings = {
				ASSETCATALOG_COMPILER_APPICON_NAME = AppIcon;
				ASSETCATALOG_COMPILER_GLOBAL_ACCENT_COLOR_NAME = AccentColor;
				CODE_SIGN_STYLE = Automatic;
				CURRENT_PROJECT_VERSION = 1;
				ENABLE_PREVIEWS = YES;
				GENERATE_INFOPLIST_FILE = YES;
				INFOPLIST_KEY_UIApplicationSceneManifest_Generation = YES;
				INFOPLIST_KEY_UIApplicationSupportsIndirectInputEvents = YES;
				INFOPLIST_KEY_UILaunchScreen_Generation = YES;
				INFOPLIST_KEY_UISupportedInterfaceOrientations_iPad = "UIInterfaceOrientationPortrait UIInterfaceOrientationPortraitUpsideDown UIInterfaceOrientationLandscapeLeft UIInterfaceOrientationLandscapeRight";
				INFOPLIST_KEY_UISupportedInterfaceOrientations_iPhone = "UIInterfaceOrientationPortrait UIInterfaceOrientationLandscapeLeft UIInterfaceOrientationLandscapeRight";
				LD_RUNPATH_SEARCH_PATHS = (
					"$(inherited)",
					"@executable_path/Frameworks",
				);
				MARKETING_VERSION = 1.0;
				PRODUCT_BUNDLE_IDENTIFIER = "Jania.iOS-Adv-lab2";
				PRODUCT_NAME = "$(TARGET_NAME)";
				SWIFT_EMIT_LOC_STRINGS = YES;
				SWIFT_VERSION = 5.0;
				TARGETED_DEVICE_FAMILY = "1,2";
			};
			name = Release;
		};
		CF3BAF732F53050500C718B8 /* Debug */ = {
			isa = XCBuildConfiguration;
			buildSettings = {
				BUNDLE_LOADER = "$(TEST_HOST)";
				CODE_SIGN_STYLE = Automatic;
				CURRENT_PROJECT_VERSION = 1;
				GENERATE_INFOPLIST_FILE = YES;
				IPHONEOS_DEPLOYMENT_TARGET = 18.5;
				MARKETING_VERSION = 1.0;
				PRODUCT_BUNDLE_IDENTIFIER = "Jania.iOS-Adv-lab2Tests";
				PRODUCT_NAME = "$(TARGET_NAME)";
				SWIFT_EMIT_LOC_STRINGS = NO;
				SWIFT_VERSION = 5.0;
				TARGETED_DEVICE_FAMILY = "1,2";
				TEST_HOST = "$(BUILT_PRODUCTS_DIR)/iOS_Adv_lab2.app/$(BUNDLE_EXECUTABLE_FOLDER_PATH)/iOS_Adv_lab2";
			};
			name = Debug;
		};
		CF3BAF742F53050500C718B8 /* Release */ = {
			isa = XCBuildConfiguration;
			buildSettings = {
				BUNDLE_LOADER = "$(TEST_HOST)";
				CODE_SIGN_STYLE = Automatic;
				CURRENT_PROJECT_VERSION = 1;
				GENERATE_INFOPLIST_FILE = YES;
				IPHONEOS_DEPLOYMENT_TARGET = 18.5;
				MARKETING_VERSION = 1.0;
				PRODUCT_BUNDLE_IDENTIFIER = "Jania.iOS-Adv-lab2Tests";
				PRODUCT_NAME = "$(TARGET_NAME)";
				SWIFT_EMIT_LOC_STRINGS = NO;
				SWIFT_VERSION = 5.0;
				TARGETED_DEVICE_FAMILY = "1,2";
				TEST_HOST = "$(BUILT_PRODUCTS_DIR)/iOS_Adv_lab2.app/$(BUNDLE_EXECUTABLE_FOLDER_PATH)/iOS_Adv_lab2";
			};
			name = Release;
		};
		CF3BAF762F53050500C718B8 /* Debug */ = {
			isa = XCBuildConfiguration;
			buildSettings = {
				CODE_SIGN_STYLE = Automatic;
				CURRENT_PROJECT_VERSION = 1;
				GENERATE_INFOPLIST_FILE = YES;
				MARKETING_VERSION = 1.0;
				PRODUCT_BUNDLE_IDENTIFIER = "Jania.iOS-Adv-lab2UITests";
				PRODUCT_NAME = "$(TARGET_NAME)";
				SWIFT_EMIT_LOC_STRINGS = NO;
				SWIFT_VERSION = 5.0;
				TARGETED_DEVICE_FAMILY = "1,2";
				TEST_TARGET_NAME = iOS_Adv_lab2;
			};
			name = Debug;
		};
		CF3BAF772F53050500C718B8 /* Release */ = {
			isa = XCBuildConfiguration;
			buildSettings = {
				CODE_SIGN_STYLE = Automatic;
				CURRENT_PROJECT_VERSION = 1;
				GENERATE_INFOPLIST_FILE = YES;
				MARKETING_VERSION = 1.0;
				PRODUCT_BUNDLE_IDENTIFIER = "Jania.iOS-Adv-lab2UITests";
				PRODUCT_NAME = "$(TARGET_NAME)";
				SWIFT_EMIT_LOC_STRINGS = NO;
				SWIFT_VERSION = 5.0;
				TARGETED_DEVICE_FAMILY = "1,2";
				TEST_TARGET_NAME = iOS_Adv_lab2;
			};
			name = Release;
		};
/* End XCBuildConfiguration section */

/* Begin XCConfigurationList section */
		CF3BAF492F53050300C718B8 /* Build configuration list for PBXProject "iOS_Adv_lab2" */ = {
			isa = XCConfigurationList;
			buildConfigurations = (
				CF3BAF6D2F53050500C718B8 /* Debug */,
				CF3BAF6E2F53050500C718B8 /* Release */,
			);
			defaultConfigurationIsVisible = 0;
			defaultConfigurationName = Release;
		};
		CF3BAF6F2F53050500C718B8 /* Build configuration list for PBXNativeTarget "iOS_Adv_lab2" */ = {
			isa = XCConfigurationList;
			buildConfigurations = (
				CF3BAF702F53050500C718B8 /* Debug */,
				CF3BAF712F53050500C718B8 /* Release */,
			);
			defaultConfigurationIsVisible = 0;
			defaultConfigurationName = Release;
		};
		CF3BAF722F53050500C718B8 /* Build configuration list for PBXNativeTarget "iOS_Adv_lab2Tests" */ = {
			isa = XCConfigurationList;
			buildConfigurations = (
				CF3BAF732F53050500C718B8 /* Debug */,
				CF3BAF742F53050500C718B8 /* Release */,
			);
			defaultConfigurationIsVisible = 0;
			defaultConfigurationName = Release;
		};
		CF3BAF752F53050500C718B8 /* Build configuration list for PBXNativeTarget "iOS_Adv_lab2UITests" */ = {
			isa = XCConfigurationList;
			buildConfigurations = (
				CF3BAF762F53050500C718B8 /* Debug */,
				CF3BAF772F53050500C718B8 /* Release */,
			);
			defaultConfigurationIsVisible = 0;
			defaultConfigurationName = Release;
		};
/* End XCConfigurationList section */
	};
	rootObject = CF3BAF462F53050300C718B8 /* Project object */;
}
